
Microsoft Visual Studio Solution File, Format Version 12.00
# Visual Studio Version 16
VisualStudioVersion = 16.0.30711.63
MinimumVisualStudioVersion = 10.0.40219.1
Project("{FAE04EC0-301F-11D3-BF4B-00C04F79EFBC}") = "ConsoleApp1", "ConsoleApp1\ConsoleApp1.csproj", "{AE100C38-5944-46F8-8E8C-D0E030B60E3F}"
EndProject
Global
	GlobalSection(SolutionConfigurationPlatforms) = preSolution
		Debug|Any CPU = Debug|Any CPU
		Release|Any CPU = Release|Any CPU
	EndGlobalSection
	GlobalSection(ProjectConfigurationPlatforms) = postSolution
		{AE100C38-5944-46F8-8E8C-D0E030B60E3F}.Debug|Any CPU.ActiveCfg = Debug|Any CPU
		{AE100C38-5944-46F8-8E8C-D0E030B60E3F}.Debug|Any CPU.Build.0 = Debug|Any CPU
		{AE100C38-5944-46F8-8E8C-D0E030B60E3F}.Release|Any CPU.ActiveCfg = Release|Any CPU
		{AE100C38-5944-46F8-8E8C-D0E030B60E3F}.Release|Any CPU.Build.0 = Release|Any CPU
	EndGlobalSection
	GlobalSection(SolutionProperties) = preSolution
		HideSolutionNode = FALSE
	EndGlobalSection
	GlobalSection(ExtensibilityGlobals) = postSolution
		SolutionGuid = {DE8F2683-E2B6-456E-817C-52BDFC18118C}
	EndGlobalSection
EndGlobal
