
Microsoft Visual Studio Solution File, Format Version 12.00
# Visual Studio Version 16
VisualStudioVersion = 16.0.30717.126
MinimumVisualStudioVersion = 10.0.40219.1
Project("{FAE04EC0-301F-11D3-BF4B-00C04F79EFBC}") = "ClassLibraryCake", "ClassLibraryCake\ClassLibraryCake.csproj", "{1747E944-816C-4F1E-B470-1CDF83722EFE}"
EndProject
Project("{FAE04EC0-301F-11D3-BF4B-00C04F79EFBC}") = "ConsoleAppTestCake", "ConsoleAppTestCake\ConsoleAppTestCake.csproj", "{2EA4BFF3-8542-4514-B340-382859701D18}"
EndProject
Global
	GlobalSection(SolutionConfigurationPlatforms) = preSolution
		Debug|Any CPU = Debug|Any CPU
		Release|Any CPU = Release|Any CPU
	EndGlobalSection
	GlobalSection(ProjectConfigurationPlatforms) = postSolution
		{1747E944-816C-4F1E-B470-1CDF83722EFE}.Debug|Any CPU.ActiveCfg = Debug|Any CPU
		{1747E944-816C-4F1E-B470-1CDF83722EFE}.Debug|Any CPU.Build.0 = Debug|Any CPU
		{1747E944-816C-4F1E-B470-1CDF83722EFE}.Release|Any CPU.ActiveCfg = Release|Any CPU
		{1747E944-816C-4F1E-B470-1CDF83722EFE}.Release|Any CPU.Build.0 = Release|Any CPU
		{2EA4BFF3-8542-4514-B340-382859701D18}.Debug|Any CPU.ActiveCfg = Debug|Any CPU
		{2EA4BFF3-8542-4514-B340-382859701D18}.Debug|Any CPU.Build.0 = Debug|Any CPU
		{2EA4BFF3-8542-4514-B340-382859701D18}.Release|Any CPU.ActiveCfg = Release|Any CPU
		{2EA4BFF3-8542-4514-B340-382859701D18}.Release|Any CPU.Build.0 = Release|Any CPU
	EndGlobalSection
	GlobalSection(SolutionProperties) = preSolution
		HideSolutionNode = FALSE
	EndGlobalSection
	GlobalSection(ExtensibilityGlobals) = postSolution
		SolutionGuid = {0EB381F4-B058-4B7E-BBD3-DEBE2A77AACC}
	EndGlobalSection
EndGlobal
