
Microsoft Visual Studio Solution File, Format Version 12.00
# Visual Studio Version 16
VisualStudioVersion = 16.0.30523.141
MinimumVisualStudioVersion = 10.0.40219.1
Project("{FAE04EC0-301F-11D3-BF4B-00C04F79EFBC}") = "ClassLibraryZoo", "ClassLibraryZoo\ClassLibraryZoo.csproj", "{A570D037-AEAB-408E-B98E-37A7CA0606C4}"
EndProject
Project("{FAE04EC0-301F-11D3-BF4B-00C04F79EFBC}") = "ConsoleAppTestZoo", "ConsoleAppTestZoo\ConsoleAppTestZoo.csproj", "{6D38A307-0ED8-4B80-9A57-03111A5294DC}"
EndProject
Global
	GlobalSection(SolutionConfigurationPlatforms) = preSolution
		Debug|Any CPU = Debug|Any CPU
		Release|Any CPU = Release|Any CPU
	EndGlobalSection
	GlobalSection(ProjectConfigurationPlatforms) = postSolution
		{A570D037-AEAB-408E-B98E-37A7CA0606C4}.Debug|Any CPU.ActiveCfg = Debug|Any CPU
		{A570D037-AEAB-408E-B98E-37A7CA0606C4}.Debug|Any CPU.Build.0 = Debug|Any CPU
		{A570D037-AEAB-408E-B98E-37A7CA0606C4}.Release|Any CPU.ActiveCfg = Release|Any CPU
		{A570D037-AEAB-408E-B98E-37A7CA0606C4}.Release|Any CPU.Build.0 = Release|Any CPU
		{6D38A307-0ED8-4B80-9A57-03111A5294DC}.Debug|Any CPU.ActiveCfg = Debug|Any CPU
		{6D38A307-0ED8-4B80-9A57-03111A5294DC}.Debug|Any CPU.Build.0 = Debug|Any CPU
		{6D38A307-0ED8-4B80-9A57-03111A5294DC}.Release|Any CPU.ActiveCfg = Release|Any CPU
		{6D38A307-0ED8-4B80-9A57-03111A5294DC}.Release|Any CPU.Build.0 = Release|Any CPU
	EndGlobalSection
	GlobalSection(SolutionProperties) = preSolution
		HideSolutionNode = FALSE
	EndGlobalSection
	GlobalSection(ExtensibilityGlobals) = postSolution
		SolutionGuid = {51C2C745-7C12-449D-852C-51435A4B2600}
	EndGlobalSection
EndGlobal
